
PODS:
- BlocksKit (1.8.1):
  - libffi
- DCIntrospect (0.0.2)
- GrowingTextView (1.0)
- SVProgressHUD (0.9)
- libffi (3.0.11)

DEPENDENCIES:
- BlocksKit
- DCIntrospect (from `https://raw.github.com/CocoaPods/Specs/master/DCIntrospect/0.0.2/DCIntrospect.podspec')
- GrowingTextView (from `CustomPodspecs/GrowingTextView.podspec')
- SVProgressHUD

EXTERNAL SOURCES:
  DCIntrospect:
    :podspec: https://raw.github.com/CocoaPods/Specs/master/DCIntrospect/0.0.2/DCIntrospect.podspec
  GrowingTextView:
    :podspec: CustomPodspecs/GrowingTextView.podspec

SPEC CHECKSUMS:
  BlocksKit: 18102744fd7c44b54f1e54ce6ffe9258bcb5df81
  DCIntrospect: 2f5cab0b58b170459ebcb200f59042306fcb0c0d
  GrowingTextView: cfd93e0c7e33fb74ecac53218aa09cd60dcffd3f
  SVProgressHUD: 98935fbafaf0031df4a9cafca3c66eaf3da06967
  libffi: 8a1d9ba43c0c84b546b42c6f742714e73aa07ae1

COCOAPODS: 0.16.2
