// !$*UTF8*$!
{
	archiveVersion = 1;
	classes = {
	};
	objectVersion = 46;
	objects = {

/* Begin PBXBuildFile section */
		4C04BFC816913502000D7202 /* send_message_bar@2x.png in Resources */ = {isa = PBXBuildFile; fileRef = 4C04BFC716913502000D7202 /* send_message_bar@2x.png */; };
		4C04BFD2169BD6EF000D7202 /* white_paper_bg@2x.png in Resources */ = {isa = PBXBuildFile; fileRef = 4C04BFD1169BD6EF000D7202 /* white_paper_bg@2x.png */; };
		4C04BFD616A1E148000D7202 /* category_glass_button@2x.png in Resources */ = {isa = PBXBuildFile; fileRef = 4C04BFD516A1E148000D7202 /* category_glass_button@2x.png */; };
		4C04BFD816A32A83000D7202 /* speech_bubble_icon@2x.png in Resources */ = {isa = PBXBuildFile; fileRef = 4C04BFD716A32A83000D7202 /* speech_bubble_icon@2x.png */; };
		4C04BFDA16A332CA000D7202 /* category_tab_bar_icon@2x.png in Resources */ = {isa = PBXBuildFile; fileRef = 4C04BFD916A332CA000D7202 /* category_tab_bar_icon@2x.png */; };
		4C04BFDC16A62C00000D7202 /* white_paper_bg.png in Resources */ = {isa = PBXBuildFile; fileRef = 4C04BFDB16A62C00000D7202 /* white_paper_bg.png */; };
		4C04BFDF16A62C93000D7202 /* send_message_bar.png in Resources */ = {isa = PBXBuildFile; fileRef = 4C04BFDE16A62C93000D7202 /* send_message_bar.png */; };
		4C04BFE316A62E37000D7202 /* speech_bubble_icon.png in Resources */ = {isa = PBXBuildFile; fileRef = 4C04BFE216A62E37000D7202 /* speech_bubble_icon.png */; };
		4C04BFE516A62FD5000D7202 /* category_tab_bar_icon.png in Resources */ = {isa = PBXBuildFile; fileRef = 4C04BFE416A62FD5000D7202 /* category_tab_bar_icon.png */; };
		4C04BFE716A62FE2000D7202 /* category_glass_button.png in Resources */ = {isa = PBXBuildFile; fileRef = 4C04BFE616A62FE2000D7202 /* category_glass_button.png */; };
		4C04BFE916A631F2000D7202 /* transparent_nav_bar@2x.png in Resources */ = {isa = PBXBuildFile; fileRef = 4C04BFE816A631F2000D7202 /* transparent_nav_bar@2x.png */; };
		4C04BFEB16A632C4000D7202 /* transparent_nav_bar.png in Resources */ = {isa = PBXBuildFile; fileRef = 4C04BFEA16A632C4000D7202 /* transparent_nav_bar.png */; };
		4C04BFED16A8400D000D7202 /* glass_button_orange@2x.png in Resources */ = {isa = PBXBuildFile; fileRef = 4C04BFEC16A8400D000D7202 /* glass_button_orange@2x.png */; };
		4C04BFF116A84532000D7202 /* speech_bubble_gray@2x.png in Resources */ = {isa = PBXBuildFile; fileRef = 4C04BFF016A84532000D7202 /* speech_bubble_gray@2x.png */; };
		4C04BFF316ACD5FF000D7202 /* speech_bubble_gray_with_glow@2x.png in Resources */ = {isa = PBXBuildFile; fileRef = 4C04BFF216ACD5FF000D7202 /* speech_bubble_gray_with_glow@2x.png */; };
		4C0B9A0E1636477000EC7246 /* UIKit.framework in Frameworks */ = {isa = PBXBuildFile; fileRef = 4C0B9A0D1636477000EC7246 /* UIKit.framework */; };
		4C0B9A101636477000EC7246 /* Foundation.framework in Frameworks */ = {isa = PBXBuildFile; fileRef = 4C0B9A0F1636477000EC7246 /* Foundation.framework */; };
		4C0B9A121636477000EC7246 /* CoreGraphics.framework in Frameworks */ = {isa = PBXBuildFile; fileRef = 4C0B9A111636477000EC7246 /* CoreGraphics.framework */; };
		4C0B9A141636477000EC7246 /* CoreData.framework in Frameworks */ = {isa = PBXBuildFile; fileRef = 4C0B9A131636477000EC7246 /* CoreData.framework */; };
		4C0B9A1A1636477000EC7246 /* InfoPlist.strings in Resources */ = {isa = PBXBuildFile; fileRef = 4C0B9A181636477000EC7246 /* InfoPlist.strings */; };
		4C0B9A1C1636477000EC7246 /* main.m in Sources */ = {isa = PBXBuildFile; fileRef = 4C0B9A1B1636477000EC7246 /* main.m */; };
		4C0B9A201636477000EC7246 /* AppDelegate.m in Sources */ = {isa = PBXBuildFile; fileRef = 4C0B9A1F1636477000EC7246 /* AppDelegate.m */; };
		4C0B9A231636477000EC7246 /* Chatterbox.xcdatamodeld in Sources */ = {isa = PBXBuildFile; fileRef = 4C0B9A211636477000EC7246 /* Chatterbox.xcdatamodeld */; };
		4C0B9A2B1636481A00EC7246 /* HomeViewController.m in Sources */ = {isa = PBXBuildFile; fileRef = 4C0B9A2A1636481A00EC7246 /* HomeViewController.m */; };
		4C0B9A2D16364C0000EC7246 /* QuartzCore.framework in Frameworks */ = {isa = PBXBuildFile; fileRef = 4C0B9A2C16364C0000EC7246 /* QuartzCore.framework */; };
		4C0B9A36163661CF00EC7246 /* AudioToolbox.framework in Frameworks */ = {isa = PBXBuildFile; fileRef = 4C0B9A35163661CF00EC7246 /* AudioToolbox.framework */; };
		4C0B9A38163661D300EC7246 /* Accounts.framework in Frameworks */ = {isa = PBXBuildFile; fileRef = 4C0B9A37163661D300EC7246 /* Accounts.framework */; settings = {ATTRIBUTES = (Weak, ); }; };
		4C0B9A3A163661E500EC7246 /* CFNetwork.framework in Frameworks */ = {isa = PBXBuildFile; fileRef = 4C0B9A39163661E500EC7246 /* CFNetwork.framework */; };
		4C0B9A3C163661EE00EC7246 /* CoreLocation.framework in Frameworks */ = {isa = PBXBuildFile; fileRef = 4C0B9A3B163661EE00EC7246 /* CoreLocation.framework */; };
		4C0B9A3E163661FE00EC7246 /* libsqlite3.dylib in Frameworks */ = {isa = PBXBuildFile; fileRef = 4C0B9A3D163661FE00EC7246 /* libsqlite3.dylib */; };
		4C0B9A401636620300EC7246 /* libz.1.1.3.dylib in Frameworks */ = {isa = PBXBuildFile; fileRef = 4C0B9A3F1636620300EC7246 /* libz.1.1.3.dylib */; };
		4C0B9A421636620B00EC7246 /* MobileCoreServices.framework in Frameworks */ = {isa = PBXBuildFile; fileRef = 4C0B9A411636620B00EC7246 /* MobileCoreServices.framework */; };
		4C0B9A441636621200EC7246 /* Security.framework in Frameworks */ = {isa = PBXBuildFile; fileRef = 4C0B9A431636621200EC7246 /* Security.framework */; };
		4C0B9A461636621A00EC7246 /* StoreKit.framework in Frameworks */ = {isa = PBXBuildFile; fileRef = 4C0B9A451636621A00EC7246 /* StoreKit.framework */; };
		4C0B9A481636622000EC7246 /* SystemConfiguration.framework in Frameworks */ = {isa = PBXBuildFile; fileRef = 4C0B9A471636622000EC7246 /* SystemConfiguration.framework */; };
		4C12992216FBFA5E00B9EBC9 /* NSError+ParseErrorCodes.m in Sources */ = {isa = PBXBuildFile; fileRef = 4C12992116FBFA5E00B9EBC9 /* NSError+ParseErrorCodes.m */; };
		4C12992516FC043100B9EBC9 /* exclamation.png in Resources */ = {isa = PBXBuildFile; fileRef = 4C12992316FC043100B9EBC9 /* exclamation.png */; };
		4C12992616FC043100B9EBC9 /* exclamation@2x.png in Resources */ = {isa = PBXBuildFile; fileRef = 4C12992416FC043100B9EBC9 /* exclamation@2x.png */; };
		4C4CF5721675A3E90000C290 /* ParseCenter.m in Sources */ = {isa = PBXBuildFile; fileRef = 4C4CF5711675A3E90000C290 /* ParseCenter.m */; };
		4C4D65D916C5AC5C006217B4 /* fashion_icon.png in Resources */ = {isa = PBXBuildFile; fileRef = 4C4D65D816C5AC5C006217B4 /* fashion_icon.png */; };
		4C4D65DC16C5AC73006217B4 /* finance_icon.png in Resources */ = {isa = PBXBuildFile; fileRef = 4C4D65DB16C5AC73006217B4 /* finance_icon.png */; };
		4C4D65DE16C5ACA8006217B4 /* fitness_icon.png in Resources */ = {isa = PBXBuildFile; fileRef = 4C4D65DD16C5ACA8006217B4 /* fitness_icon.png */; };
		4C4D65E016C5ACE9006217B4 /* movies_icon.png in Resources */ = {isa = PBXBuildFile; fileRef = 4C4D65DF16C5ACE9006217B4 /* movies_icon.png */; };
		4C4D65E216C5AD07006217B4 /* news_icon.png in Resources */ = {isa = PBXBuildFile; fileRef = 4C4D65E116C5AD07006217B4 /* news_icon.png */; };
		4C4D65E416C5AD20006217B4 /* random_icon.png in Resources */ = {isa = PBXBuildFile; fileRef = 4C4D65E316C5AD20006217B4 /* random_icon.png */; };
		4C4D65E616C5AD97006217B4 /* travel_icon.png in Resources */ = {isa = PBXBuildFile; fileRef = 4C4D65E516C5AD97006217B4 /* travel_icon.png */; };
		4C4D65E816C5ADBE006217B4 /* sports_icon.png in Resources */ = {isa = PBXBuildFile; fileRef = 4C4D65E716C5ADBE006217B4 /* sports_icon.png */; };
		4C4D65EA16C8C4AB006217B4 /* technology_icon@2x.png in Resources */ = {isa = PBXBuildFile; fileRef = 4C4D65E916C8C4AB006217B4 /* technology_icon@2x.png */; };
		4C4D65EC16C8C4B3006217B4 /* music_icon@2x.png in Resources */ = {isa = PBXBuildFile; fileRef = 4C4D65EB16C8C4B3006217B4 /* music_icon@2x.png */; };
		4C4D65EE16C8C4DC006217B4 /* music_icon.png in Resources */ = {isa = PBXBuildFile; fileRef = 4C4D65ED16C8C4DC006217B4 /* music_icon.png */; };
		4C4D65F016C8C4FC006217B4 /* technology_icon.png in Resources */ = {isa = PBXBuildFile; fileRef = 4C4D65EF16C8C4FC006217B4 /* technology_icon.png */; };
		4C4D65FF16D00E3F006217B4 /* celebrities_icon@2x.png in Resources */ = {isa = PBXBuildFile; fileRef = 4C4D65FE16D00E3F006217B4 /* celebrities_icon@2x.png */; };
		4C4D660216D00E5A006217B4 /* celebrities_icon.png in Resources */ = {isa = PBXBuildFile; fileRef = 4C4D660116D00E5A006217B4 /* celebrities_icon.png */; };
		4C4D660416D011F2006217B4 /* politics_icon@2x.png in Resources */ = {isa = PBXBuildFile; fileRef = 4C4D660316D011F2006217B4 /* politics_icon@2x.png */; };
		4C4D660616D0120C006217B4 /* politics_icon.png in Resources */ = {isa = PBXBuildFile; fileRef = 4C4D660516D0120C006217B4 /* politics_icon.png */; };
		4C6B6382167EC31800539A8A /* MessageCell.m in Sources */ = {isa = PBXBuildFile; fileRef = 4C6B6381167EC31800539A8A /* MessageCell.m */; };
		4C6B63851681705600539A8A /* LastMessageCell.m in Sources */ = {isa = PBXBuildFile; fileRef = 4C6B63841681705600539A8A /* LastMessageCell.m */; };
		4CAE398716AD325F00E3E938 /* glass_button_orange.png in Resources */ = {isa = PBXBuildFile; fileRef = 4CAE398616AD325F00E3E938 /* glass_button_orange.png */; };
		4CAE398A16AD33EF00E3E938 /* speech_bubble_gray_with_glow.png in Resources */ = {isa = PBXBuildFile; fileRef = 4CAE398916AD33EF00E3E938 /* speech_bubble_gray_with_glow.png */; };
		4CAE398C16AD33F500E3E938 /* speech_bubble_gray.png in Resources */ = {isa = PBXBuildFile; fileRef = 4CAE398B16AD33F500E3E938 /* speech_bubble_gray.png */; };
		4CDAB5061637325600E57A7D /* AdSupport.framework in Frameworks */ = {isa = PBXBuildFile; fileRef = 4CDAB5051637325600E57A7D /* AdSupport.framework */; settings = {ATTRIBUTES = (Weak, ); }; };
		4CDAB5091637328500E57A7D /* Social.framework in Frameworks */ = {isa = PBXBuildFile; fileRef = 4CDAB5081637328500E57A7D /* Social.framework */; settings = {ATTRIBUTES = (Weak, ); }; };
		4CDAB50E1637398300E57A7D /* Default-568h@2x.png in Resources */ = {isa = PBXBuildFile; fileRef = 4CDAB50D1637398300E57A7D /* Default-568h@2x.png */; };
		4CDAB5121637C97500E57A7D /* ConversationsViewController.m in Sources */ = {isa = PBXBuildFile; fileRef = 4CDAB5101637C97500E57A7D /* ConversationsViewController.m */; };
		4CDAB5131637C97500E57A7D /* ConversationsViewController.xib in Resources */ = {isa = PBXBuildFile; fileRef = 4CDAB5111637C97500E57A7D /* ConversationsViewController.xib */; };
		4CDAB5171638531500E57A7D /* SignUpOrLoginViewController.m in Sources */ = {isa = PBXBuildFile; fileRef = 4CDAB5151638531500E57A7D /* SignUpOrLoginViewController.m */; };
		4CEC72ED1659778200B37117 /* CBConversation.m in Sources */ = {isa = PBXBuildFile; fileRef = 4CEC72EC1659778200B37117 /* CBConversation.m */; };
		4CEC72F016597E4100B37117 /* ChatterboxDataStore.m in Sources */ = {isa = PBXBuildFile; fileRef = 4CEC72EF16597E4100B37117 /* ChatterboxDataStore.m */; };
		4CEC730216602DD200B37117 /* DialogueViewController.m in Sources */ = {isa = PBXBuildFile; fileRef = 4CEC730116602DD200B37117 /* DialogueViewController.m */; };
		4CEC73051661CE4A00B37117 /* TestViewController.m in Sources */ = {isa = PBXBuildFile; fileRef = 4CEC73041661CE4A00B37117 /* TestViewController.m */; };
		4CFE51D116AE1192009B627C /* CBCommons.m in Sources */ = {isa = PBXBuildFile; fileRef = 4CFE51D016AE1192009B627C /* CBCommons.m */; };
		4CFE51D316C0A7C2009B627C /* speech_bubble_orange@2x.png in Resources */ = {isa = PBXBuildFile; fileRef = 4CFE51D216C0A7C2009B627C /* speech_bubble_orange@2x.png */; };
		4CFE51D816C0B042009B627C /* TopicsHeaderView.m in Sources */ = {isa = PBXBuildFile; fileRef = 4CFE51D716C0B042009B627C /* TopicsHeaderView.m */; };
		4CFE51E916C4C3CA009B627C /* Parse.framework in Frameworks */ = {isa = PBXBuildFile; fileRef = 4CFE51E816C4C3CA009B627C /* Parse.framework */; };
		4CFE51F316C4CBE3009B627C /* AuthenticationViewController.m in Sources */ = {isa = PBXBuildFile; fileRef = 4CFE51F216C4CBE3009B627C /* AuthenticationViewController.m */; };
		4CFE51F716C55023009B627C /* news_icon@2x.png in Resources */ = {isa = PBXBuildFile; fileRef = 4CFE51F616C55023009B627C /* news_icon@2x.png */; };
		4CFE51F916C55458009B627C /* sports_icon@2x.png in Resources */ = {isa = PBXBuildFile; fileRef = 4CFE51F816C55458009B627C /* sports_icon@2x.png */; };
		4CFE51FB16C55C4D009B627C /* finance_icon@2x.png in Resources */ = {isa = PBXBuildFile; fileRef = 4CFE51FA16C55C4D009B627C /* finance_icon@2x.png */; };
		4CFE51FD16C55E47009B627C /* fitness_icon@2x.png in Resources */ = {isa = PBXBuildFile; fileRef = 4CFE51FC16C55E47009B627C /* fitness_icon@2x.png */; };
		4CFE51FF16C5607F009B627C /* travel_icon@2x.png in Resources */ = {isa = PBXBuildFile; fileRef = 4CFE51FE16C5607F009B627C /* travel_icon@2x.png */; };
		4CFE520116C56213009B627C /* random_icon@2x.png in Resources */ = {isa = PBXBuildFile; fileRef = 4CFE520016C56213009B627C /* random_icon@2x.png */; };
		4CFE520316C564A3009B627C /* movies_icon@2x.png in Resources */ = {isa = PBXBuildFile; fileRef = 4CFE520216C564A3009B627C /* movies_icon@2x.png */; };
		4CFE520516C565FE009B627C /* fashion_icon@2x.png in Resources */ = {isa = PBXBuildFile; fileRef = 4CFE520416C565FE009B627C /* fashion_icon@2x.png */; };
		4CFE522816C586CD009B627C /* EditableCell.m in Sources */ = {isa = PBXBuildFile; fileRef = 4CFE522716C586CD009B627C /* EditableCell.m */; };
		4CFE524016C5A48A009B627C /* CBMessage.m in Sources */ = {isa = PBXBuildFile; fileRef = 4CFE523F16C5A48A009B627C /* CBMessage.m */; };
		D0B3B4DE4C974B5FBC29E64C /* libPods.a in Frameworks */ = {isa = PBXBuildFile; fileRef = 999ABDEBA13445C9821F9D0A /* libPods.a */; };
/* End PBXBuildFile section */

/* Begin PBXFileReference section */
		4C04BFC716913502000D7202 /* send_message_bar@2x.png */ = {isa = PBXFileReference; lastKnownFileType = image.png; path = "send_message_bar@2x.png"; sourceTree = "<group>"; };
		4C04BFD1169BD6EF000D7202 /* white_paper_bg@2x.png */ = {isa = PBXFileReference; lastKnownFileType = image.png; path = "white_paper_bg@2x.png"; sourceTree = "<group>"; };
		4C04BFD516A1E148000D7202 /* category_glass_button@2x.png */ = {isa = PBXFileReference; lastKnownFileType = image.png; path = "category_glass_button@2x.png"; sourceTree = "<group>"; };
		4C04BFD716A32A83000D7202 /* speech_bubble_icon@2x.png */ = {isa = PBXFileReference; lastKnownFileType = image.png; path = "speech_bubble_icon@2x.png"; sourceTree = "<group>"; };
		4C04BFD916A332CA000D7202 /* category_tab_bar_icon@2x.png */ = {isa = PBXFileReference; lastKnownFileType = image.png; path = "category_tab_bar_icon@2x.png"; sourceTree = "<group>"; };
		4C04BFDB16A62C00000D7202 /* white_paper_bg.png */ = {isa = PBXFileReference; lastKnownFileType = image.png; path = white_paper_bg.png; sourceTree = "<group>"; };
		4C04BFDE16A62C93000D7202 /* send_message_bar.png */ = {isa = PBXFileReference; lastKnownFileType = image.png; path = send_message_bar.png; sourceTree = "<group>"; };
		4C04BFE216A62E37000D7202 /* speech_bubble_icon.png */ = {isa = PBXFileReference; lastKnownFileType = image.png; path = speech_bubble_icon.png; sourceTree = "<group>"; };
		4C04BFE416A62FD5000D7202 /* category_tab_bar_icon.png */ = {isa = PBXFileReference; lastKnownFileType = image.png; path = category_tab_bar_icon.png; sourceTree = "<group>"; };
		4C04BFE616A62FE2000D7202 /* category_glass_button.png */ = {isa = PBXFileReference; lastKnownFileType = image.png; path = category_glass_button.png; sourceTree = "<group>"; };
		4C04BFE816A631F2000D7202 /* transparent_nav_bar@2x.png */ = {isa = PBXFileReference; lastKnownFileType = image.png; path = "transparent_nav_bar@2x.png"; sourceTree = "<group>"; };
		4C04BFEA16A632C4000D7202 /* transparent_nav_bar.png */ = {isa = PBXFileReference; lastKnownFileType = image.png; path = transparent_nav_bar.png; sourceTree = "<group>"; };
		4C04BFEC16A8400D000D7202 /* glass_button_orange@2x.png */ = {isa = PBXFileReference; lastKnownFileType = image.png; path = "glass_button_orange@2x.png"; sourceTree = "<group>"; };
		4C04BFF016A84532000D7202 /* speech_bubble_gray@2x.png */ = {isa = PBXFileReference; lastKnownFileType = image.png; path = "speech_bubble_gray@2x.png"; sourceTree = "<group>"; };
		4C04BFF216ACD5FF000D7202 /* speech_bubble_gray_with_glow@2x.png */ = {isa = PBXFileReference; lastKnownFileType = image.png; path = "speech_bubble_gray_with_glow@2x.png"; sourceTree = "<group>"; };
		4C0B9A091636477000EC7246 /* Chatterbox.app */ = {isa = PBXFileReference; explicitFileType = wrapper.application; includeInIndex = 0; path = Chatterbox.app; sourceTree = BUILT_PRODUCTS_DIR; };
		4C0B9A0D1636477000EC7246 /* UIKit.framework */ = {isa = PBXFileReference; includeInIndex = 1; lastKnownFileType = wrapper.framework; name = UIKit.framework; path = System/Library/Frameworks/UIKit.framework; sourceTree = SDKROOT; };
		4C0B9A0F1636477000EC7246 /* Foundation.framework */ = {isa = PBXFileReference; includeInIndex = 1; lastKnownFileType = wrapper.framework; name = Foundation.framework; path = System/Library/Frameworks/Foundation.framework; sourceTree = SDKROOT; };
		4C0B9A111636477000EC7246 /* CoreGraphics.framework */ = {isa = PBXFileReference; includeInIndex = 1; lastKnownFileType = wrapper.framework; name = CoreGraphics.framework; path = System/Library/Frameworks/CoreGraphics.framework; sourceTree = SDKROOT; };
		4C0B9A131636477000EC7246 /* CoreData.framework */ = {isa = PBXFileReference; includeInIndex = 1; lastKnownFileType = wrapper.framework; name = CoreData.framework; path = System/Library/Frameworks/CoreData.framework; sourceTree = SDKROOT; };
		4C0B9A171636477000EC7246 /* Chatterbox-Info.plist */ = {isa = PBXFileReference; lastKnownFileType = text.plist.xml; path = "Chatterbox-Info.plist"; sourceTree = "<group>"; };
		4C0B9A191636477000EC7246 /* en */ = {isa = PBXFileReference; lastKnownFileType = text.plist.strings; name = en; path = en.lproj/InfoPlist.strings; sourceTree = "<group>"; };
		4C0B9A1B1636477000EC7246 /* main.m */ = {isa = PBXFileReference; lastKnownFileType = sourcecode.c.objc; path = main.m; sourceTree = "<group>"; };
		4C0B9A1D1636477000EC7246 /* Chatterbox-Prefix.pch */ = {isa = PBXFileReference; lastKnownFileType = sourcecode.c.h; path = "Chatterbox-Prefix.pch"; sourceTree = "<group>"; };
		4C0B9A1E1636477000EC7246 /* AppDelegate.h */ = {isa = PBXFileReference; lastKnownFileType = sourcecode.c.h; path = AppDelegate.h; sourceTree = "<group>"; };
		4C0B9A1F1636477000EC7246 /* AppDelegate.m */ = {isa = PBXFileReference; lastKnownFileType = sourcecode.c.objc; path = AppDelegate.m; sourceTree = "<group>"; };
		4C0B9A221636477000EC7246 /* Chatterbox.xcdatamodel */ = {isa = PBXFileReference; lastKnownFileType = wrapper.xcdatamodel; path = Chatterbox.xcdatamodel; sourceTree = "<group>"; };
		4C0B9A291636481A00EC7246 /* HomeViewController.h */ = {isa = PBXFileReference; fileEncoding = 4; lastKnownFileType = sourcecode.c.h; path = HomeViewController.h; sourceTree = "<group>"; };
		4C0B9A2A1636481A00EC7246 /* HomeViewController.m */ = {isa = PBXFileReference; fileEncoding = 4; lastKnownFileType = sourcecode.c.objc; path = HomeViewController.m; sourceTree = "<group>"; };
		4C0B9A2C16364C0000EC7246 /* QuartzCore.framework */ = {isa = PBXFileReference; includeInIndex = 1; lastKnownFileType = wrapper.framework; name = QuartzCore.framework; path = System/Library/Frameworks/QuartzCore.framework; sourceTree = SDKROOT; };
		4C0B9A35163661CF00EC7246 /* AudioToolbox.framework */ = {isa = PBXFileReference; includeInIndex = 1; lastKnownFileType = wrapper.framework; name = AudioToolbox.framework; path = System/Library/Frameworks/AudioToolbox.framework; sourceTree = SDKROOT; };
		4C0B9A37163661D300EC7246 /* Accounts.framework */ = {isa = PBXFileReference; includeInIndex = 1; lastKnownFileType = wrapper.framework; name = Accounts.framework; path = System/Library/Frameworks/Accounts.framework; sourceTree = SDKROOT; };
		4C0B9A39163661E500EC7246 /* CFNetwork.framework */ = {isa = PBXFileReference; includeInIndex = 1; lastKnownFileType = wrapper.framework; name = CFNetwork.framework; path = System/Library/Frameworks/CFNetwork.framework; sourceTree = SDKROOT; };
		4C0B9A3B163661EE00EC7246 /* CoreLocation.framework */ = {isa = PBXFileReference; includeInIndex = 1; lastKnownFileType = wrapper.framework; name = CoreLocation.framework; path = System/Library/Frameworks/CoreLocation.framework; sourceTree = SDKROOT; };
		4C0B9A3D163661FE00EC7246 /* libsqlite3.dylib */ = {isa = PBXFileReference; includeInIndex = 1; lastKnownFileType = "compiled.mach-o.dylib"; name = libsqlite3.dylib; path = usr/lib/libsqlite3.dylib; sourceTree = SDKROOT; };
		4C0B9A3F1636620300EC7246 /* libz.1.1.3.dylib */ = {isa = PBXFileReference; includeInIndex = 1; lastKnownFileType = "compiled.mach-o.dylib"; name = libz.1.1.3.dylib; path = usr/lib/libz.1.1.3.dylib; sourceTree = SDKROOT; };
		4C0B9A411636620B00EC7246 /* MobileCoreServices.framework */ = {isa = PBXFileReference; includeInIndex = 1; lastKnownFileType = wrapper.framework; name = MobileCoreServices.framework; path = System/Library/Frameworks/MobileCoreServices.framework; sourceTree = SDKROOT; };
		4C0B9A431636621200EC7246 /* Security.framework */ = {isa = PBXFileReference; includeInIndex = 1; lastKnownFileType = wrapper.framework; name = Security.framework; path = System/Library/Frameworks/Security.framework; sourceTree = SDKROOT; };
		4C0B9A451636621A00EC7246 /* StoreKit.framework */ = {isa = PBXFileReference; includeInIndex = 1; lastKnownFileType = wrapper.framework; name = StoreKit.framework; path = System/Library/Frameworks/StoreKit.framework; sourceTree = SDKROOT; };
		4C0B9A471636622000EC7246 /* SystemConfiguration.framework */ = {isa = PBXFileReference; includeInIndex = 1; lastKnownFileType = wrapper.framework; name = SystemConfiguration.framework; path = System/Library/Frameworks/SystemConfiguration.framework; sourceTree = SDKROOT; };
		4C12992016FBFA5E00B9EBC9 /* NSError+ParseErrorCodes.h */ = {isa = PBXFileReference; fileEncoding = 4; lastKnownFileType = sourcecode.c.h; path = "NSError+ParseErrorCodes.h"; sourceTree = "<group>"; };
		4C12992116FBFA5E00B9EBC9 /* NSError+ParseErrorCodes.m */ = {isa = PBXFileReference; fileEncoding = 4; lastKnownFileType = sourcecode.c.objc; path = "NSError+ParseErrorCodes.m"; sourceTree = "<group>"; };
		4C12992316FC043100B9EBC9 /* exclamation.png */ = {isa = PBXFileReference; lastKnownFileType = image.png; path = exclamation.png; sourceTree = "<group>"; };
		4C12992416FC043100B9EBC9 /* exclamation@2x.png */ = {isa = PBXFileReference; lastKnownFileType = image.png; path = "exclamation@2x.png"; sourceTree = "<group>"; };
		4C4CF5701675A3E90000C290 /* ParseCenter.h */ = {isa = PBXFileReference; fileEncoding = 4; lastKnownFileType = sourcecode.c.h; path = ParseCenter.h; sourceTree = "<group>"; };
		4C4CF5711675A3E90000C290 /* ParseCenter.m */ = {isa = PBXFileReference; fileEncoding = 4; lastKnownFileType = sourcecode.c.objc; path = ParseCenter.m; sourceTree = "<group>"; };
		4C4D65D816C5AC5C006217B4 /* fashion_icon.png */ = {isa = PBXFileReference; lastKnownFileType = image.png; path = fashion_icon.png; sourceTree = "<group>"; };
		4C4D65DB16C5AC73006217B4 /* finance_icon.png */ = {isa = PBXFileReference; lastKnownFileType = image.png; path = finance_icon.png; sourceTree = "<group>"; };
		4C4D65DD16C5ACA8006217B4 /* fitness_icon.png */ = {isa = PBXFileReference; lastKnownFileType = image.png; path = fitness_icon.png; sourceTree = "<group>"; };
		4C4D65DF16C5ACE9006217B4 /* movies_icon.png */ = {isa = PBXFileReference; lastKnownFileType = image.png; path = movies_icon.png; sourceTree = "<group>"; };
		4C4D65E116C5AD07006217B4 /* news_icon.png */ = {isa = PBXFileReference; lastKnownFileType = image.png; path = news_icon.png; sourceTree = "<group>"; };
		4C4D65E316C5AD20006217B4 /* random_icon.png */ = {isa = PBXFileReference; lastKnownFileType = image.png; path = random_icon.png; sourceTree = "<group>"; };
		4C4D65E516C5AD97006217B4 /* travel_icon.png */ = {isa = PBXFileReference; lastKnownFileType = image.png; path = travel_icon.png; sourceTree = "<group>"; };
		4C4D65E716C5ADBE006217B4 /* sports_icon.png */ = {isa = PBXFileReference; lastKnownFileType = image.png; path = sports_icon.png; sourceTree = "<group>"; };
		4C4D65E916C8C4AB006217B4 /* technology_icon@2x.png */ = {isa = PBXFileReference; lastKnownFileType = image.png; path = "technology_icon@2x.png"; sourceTree = "<group>"; };
		4C4D65EB16C8C4B3006217B4 /* music_icon@2x.png */ = {isa = PBXFileReference; lastKnownFileType = image.png; path = "music_icon@2x.png"; sourceTree = "<group>"; };
		4C4D65ED16C8C4DC006217B4 /* music_icon.png */ = {isa = PBXFileReference; lastKnownFileType = image.png; path = music_icon.png; sourceTree = "<group>"; };
		4C4D65EF16C8C4FC006217B4 /* technology_icon.png */ = {isa = PBXFileReference; lastKnownFileType = image.png; path = technology_icon.png; sourceTree = "<group>"; };
		4C4D65FE16D00E3F006217B4 /* celebrities_icon@2x.png */ = {isa = PBXFileReference; lastKnownFileType = image.png; path = "celebrities_icon@2x.png"; sourceTree = "<group>"; };
		4C4D660116D00E5A006217B4 /* celebrities_icon.png */ = {isa = PBXFileReference; lastKnownFileType = image.png; path = celebrities_icon.png; sourceTree = "<group>"; };
		4C4D660316D011F2006217B4 /* politics_icon@2x.png */ = {isa = PBXFileReference; lastKnownFileType = image.png; path = "politics_icon@2x.png"; sourceTree = "<group>"; };
		4C4D660516D0120C006217B4 /* politics_icon.png */ = {isa = PBXFileReference; lastKnownFileType = image.png; path = politics_icon.png; sourceTree = "<group>"; };
		4C6B6380167EC31800539A8A /* MessageCell.h */ = {isa = PBXFileReference; fileEncoding = 4; lastKnownFileType = sourcecode.c.h; path = MessageCell.h; sourceTree = "<group>"; };
		4C6B6381167EC31800539A8A /* MessageCell.m */ = {isa = PBXFileReference; fileEncoding = 4; lastKnownFileType = sourcecode.c.objc; path = MessageCell.m; sourceTree = "<group>"; };
		4C6B63831681705600539A8A /* LastMessageCell.h */ = {isa = PBXFileReference; fileEncoding = 4; lastKnownFileType = sourcecode.c.h; path = LastMessageCell.h; sourceTree = "<group>"; };
		4C6B63841681705600539A8A /* LastMessageCell.m */ = {isa = PBXFileReference; fileEncoding = 4; lastKnownFileType = sourcecode.c.objc; path = LastMessageCell.m; sourceTree = "<group>"; };
		4CAE398616AD325F00E3E938 /* glass_button_orange.png */ = {isa = PBXFileReference; lastKnownFileType = image.png; path = glass_button_orange.png; sourceTree = "<group>"; };
		4CAE398916AD33EF00E3E938 /* speech_bubble_gray_with_glow.png */ = {isa = PBXFileReference; lastKnownFileType = image.png; path = speech_bubble_gray_with_glow.png; sourceTree = "<group>"; };
		4CAE398B16AD33F500E3E938 /* speech_bubble_gray.png */ = {isa = PBXFileReference; lastKnownFileType = image.png; path = speech_bubble_gray.png; sourceTree = "<group>"; };
		4CDAB5051637325600E57A7D /* AdSupport.framework */ = {isa = PBXFileReference; includeInIndex = 1; lastKnownFileType = wrapper.framework; name = AdSupport.framework; path = System/Library/Frameworks/AdSupport.framework; sourceTree = SDKROOT; };
		4CDAB5081637328500E57A7D /* Social.framework */ = {isa = PBXFileReference; includeInIndex = 1; lastKnownFileType = wrapper.framework; name = Social.framework; path = System/Library/Frameworks/Social.framework; sourceTree = SDKROOT; };
		4CDAB50D1637398300E57A7D /* Default-568h@2x.png */ = {isa = PBXFileReference; lastKnownFileType = image.png; path = "Default-568h@2x.png"; sourceTree = "<group>"; };
		4CDAB50F1637C97500E57A7D /* ConversationsViewController.h */ = {isa = PBXFileReference; fileEncoding = 4; lastKnownFileType = sourcecode.c.h; path = ConversationsViewController.h; sourceTree = "<group>"; };
		4CDAB5101637C97500E57A7D /* ConversationsViewController.m */ = {isa = PBXFileReference; fileEncoding = 4; lastKnownFileType = sourcecode.c.objc; path = ConversationsViewController.m; sourceTree = "<group>"; };
		4CDAB5111637C97500E57A7D /* ConversationsViewController.xib */ = {isa = PBXFileReference; fileEncoding = 4; lastKnownFileType = file.xib; path = ConversationsViewController.xib; sourceTree = "<group>"; };
		4CDAB5141638531500E57A7D /* SignUpOrLoginViewController.h */ = {isa = PBXFileReference; fileEncoding = 4; lastKnownFileType = sourcecode.c.h; path = SignUpOrLoginViewController.h; sourceTree = "<group>"; };
		4CDAB5151638531500E57A7D /* SignUpOrLoginViewController.m */ = {isa = PBXFileReference; fileEncoding = 4; lastKnownFileType = sourcecode.c.objc; path = SignUpOrLoginViewController.m; sourceTree = "<group>"; };
		4CEC72EB1659778200B37117 /* CBConversation.h */ = {isa = PBXFileReference; fileEncoding = 4; lastKnownFileType = sourcecode.c.h; path = CBConversation.h; sourceTree = "<group>"; };
		4CEC72EC1659778200B37117 /* CBConversation.m */ = {isa = PBXFileReference; fileEncoding = 4; lastKnownFileType = sourcecode.c.objc; path = CBConversation.m; sourceTree = "<group>"; };
		4CEC72EE16597E4100B37117 /* ChatterboxDataStore.h */ = {isa = PBXFileReference; fileEncoding = 4; lastKnownFileType = sourcecode.c.h; path = ChatterboxDataStore.h; sourceTree = "<group>"; };
		4CEC72EF16597E4100B37117 /* ChatterboxDataStore.m */ = {isa = PBXFileReference; fileEncoding = 4; lastKnownFileType = sourcecode.c.objc; path = ChatterboxDataStore.m; sourceTree = "<group>"; };
		4CEC730016602DD200B37117 /* DialogueViewController.h */ = {isa = PBXFileReference; fileEncoding = 4; lastKnownFileType = sourcecode.c.h; path = DialogueViewController.h; sourceTree = "<group>"; };
		4CEC730116602DD200B37117 /* DialogueViewController.m */ = {isa = PBXFileReference; fileEncoding = 4; lastKnownFileType = sourcecode.c.objc; path = DialogueViewController.m; sourceTree = "<group>"; };
		4CEC73031661CE4900B37117 /* TestViewController.h */ = {isa = PBXFileReference; fileEncoding = 4; lastKnownFileType = sourcecode.c.h; path = TestViewController.h; sourceTree = "<group>"; };
		4CEC73041661CE4A00B37117 /* TestViewController.m */ = {isa = PBXFileReference; fileEncoding = 4; lastKnownFileType = sourcecode.c.objc; path = TestViewController.m; sourceTree = "<group>"; };
		4CFE51CF16AE1192009B627C /* CBCommons.h */ = {isa = PBXFileReference; fileEncoding = 4; lastKnownFileType = sourcecode.c.h; path = CBCommons.h; sourceTree = "<group>"; };
		4CFE51D016AE1192009B627C /* CBCommons.m */ = {isa = PBXFileReference; fileEncoding = 4; lastKnownFileType = sourcecode.c.objc; path = CBCommons.m; sourceTree = "<group>"; };
		4CFE51D216C0A7C2009B627C /* speech_bubble_orange@2x.png */ = {isa = PBXFileReference; lastKnownFileType = image.png; path = "speech_bubble_orange@2x.png"; sourceTree = "<group>"; };
		4CFE51D616C0B042009B627C /* TopicsHeaderView.h */ = {isa = PBXFileReference; fileEncoding = 4; lastKnownFileType = sourcecode.c.h; path = TopicsHeaderView.h; sourceTree = "<group>"; };
		4CFE51D716C0B042009B627C /* TopicsHeaderView.m */ = {isa = PBXFileReference; fileEncoding = 4; lastKnownFileType = sourcecode.c.objc; path = TopicsHeaderView.m; sourceTree = "<group>"; };
		4CFE51E816C4C3CA009B627C /* Parse.framework */ = {isa = PBXFileReference; lastKnownFileType = wrapper.framework; path = Parse.framework; sourceTree = "<group>"; };
		4CFE51F116C4CBE3009B627C /* AuthenticationViewController.h */ = {isa = PBXFileReference; fileEncoding = 4; lastKnownFileType = sourcecode.c.h; path = AuthenticationViewController.h; sourceTree = "<group>"; };
		4CFE51F216C4CBE3009B627C /* AuthenticationViewController.m */ = {isa = PBXFileReference; fileEncoding = 4; lastKnownFileType = sourcecode.c.objc; path = AuthenticationViewController.m; sourceTree = "<group>"; };
		4CFE51F616C55023009B627C /* news_icon@2x.png */ = {isa = PBXFileReference; lastKnownFileType = image.png; path = "news_icon@2x.png"; sourceTree = "<group>"; };
		4CFE51F816C55458009B627C /* sports_icon@2x.png */ = {isa = PBXFileReference; lastKnownFileType = image.png; path = "sports_icon@2x.png"; sourceTree = "<group>"; };
		4CFE51FA16C55C4D009B627C /* finance_icon@2x.png */ = {isa = PBXFileReference; lastKnownFileType = image.png; path = "finance_icon@2x.png"; sourceTree = "<group>"; };
		4CFE51FC16C55E47009B627C /* fitness_icon@2x.png */ = {isa = PBXFileReference; lastKnownFileType = image.png; path = "fitness_icon@2x.png"; sourceTree = "<group>"; };
		4CFE51FE16C5607F009B627C /* travel_icon@2x.png */ = {isa = PBXFileReference; lastKnownFileType = image.png; path = "travel_icon@2x.png"; sourceTree = "<group>"; };
		4CFE520016C56213009B627C /* random_icon@2x.png */ = {isa = PBXFileReference; lastKnownFileType = image.png; path = "random_icon@2x.png"; sourceTree = "<group>"; };
		4CFE520216C564A3009B627C /* movies_icon@2x.png */ = {isa = PBXFileReference; lastKnownFileType = image.png; path = "movies_icon@2x.png"; sourceTree = "<group>"; };
		4CFE520416C565FE009B627C /* fashion_icon@2x.png */ = {isa = PBXFileReference; lastKnownFileType = image.png; path = "fashion_icon@2x.png"; sourceTree = "<group>"; };
		4CFE522616C586CD009B627C /* EditableCell.h */ = {isa = PBXFileReference; fileEncoding = 4; lastKnownFileType = sourcecode.c.h; path = EditableCell.h; sourceTree = "<group>"; };
		4CFE522716C586CD009B627C /* EditableCell.m */ = {isa = PBXFileReference; fileEncoding = 4; lastKnownFileType = sourcecode.c.objc; path = EditableCell.m; sourceTree = "<group>"; };
		4CFE523A16C5A37E009B627C /* CBMessage.h */ = {isa = PBXFileReference; fileEncoding = 4; lastKnownFileType = sourcecode.c.h; path = CBMessage.h; sourceTree = "<group>"; };
		4CFE523F16C5A48A009B627C /* CBMessage.m */ = {isa = PBXFileReference; fileEncoding = 4; lastKnownFileType = sourcecode.c.objc; path = CBMessage.m; sourceTree = "<group>"; };
		999ABDEBA13445C9821F9D0A /* libPods.a */ = {isa = PBXFileReference; explicitFileType = archive.ar; includeInIndex = 0; path = libPods.a; sourceTree = BUILT_PRODUCTS_DIR; };
		A9D157B191E1444C979F497F /* Pods.xcconfig */ = {isa = PBXFileReference; includeInIndex = 1; lastKnownFileType = text.xcconfig; name = Pods.xcconfig; path = Pods/Pods.xcconfig; sourceTree = SOURCE_ROOT; };
/* End PBXFileReference section */

/* Begin PBXFrameworksBuildPhase section */
		4C0B9A061636477000EC7246 /* Frameworks */ = {
			isa = PBXFrameworksBuildPhase;
			buildActionMask = 2147483647;
			files = (
				4CDAB5091637328500E57A7D /* Social.framework in Frameworks */,
				4CDAB5061637325600E57A7D /* AdSupport.framework in Frameworks */,
				4C0B9A481636622000EC7246 /* SystemConfiguration.framework in Frameworks */,
				4C0B9A461636621A00EC7246 /* StoreKit.framework in Frameworks */,
				4C0B9A441636621200EC7246 /* Security.framework in Frameworks */,
				4C0B9A421636620B00EC7246 /* MobileCoreServices.framework in Frameworks */,
				4C0B9A401636620300EC7246 /* libz.1.1.3.dylib in Frameworks */,
				4C0B9A3E163661FE00EC7246 /* libsqlite3.dylib in Frameworks */,
				4C0B9A3C163661EE00EC7246 /* CoreLocation.framework in Frameworks */,
				4C0B9A3A163661E500EC7246 /* CFNetwork.framework in Frameworks */,
				4C0B9A38163661D300EC7246 /* Accounts.framework in Frameworks */,
				4C0B9A36163661CF00EC7246 /* AudioToolbox.framework in Frameworks */,
				4C0B9A2D16364C0000EC7246 /* QuartzCore.framework in Frameworks */,
				4C0B9A0E1636477000EC7246 /* UIKit.framework in Frameworks */,
				4C0B9A101636477000EC7246 /* Foundation.framework in Frameworks */,
				4C0B9A121636477000EC7246 /* CoreGraphics.framework in Frameworks */,
				4C0B9A141636477000EC7246 /* CoreData.framework in Frameworks */,
				D0B3B4DE4C974B5FBC29E64C /* libPods.a in Frameworks */,
				4CFE51E916C4C3CA009B627C /* Parse.framework in Frameworks */,
			);
			runOnlyForDeploymentPostprocessing = 0;
		};
/* End PBXFrameworksBuildPhase section */

/* Begin PBXGroup section */
		4C04BFB91690B743000D7202 /* Images */ = {
			isa = PBXGroup;
			children = (
				4CFE51F516C54FF9009B627C /* Button Icons */,
				4C04BFE016A62C9D000D7202 /* Native UI Elements */,
				4C04BFFE16AD299C000D7202 /* Speech Bubbles */,
				4C04BFDD16A62C0D000D7202 /* Backgrounds */,
				4C04BFE116A62CCA000D7202 /* Icons */,
			);
			name = Images;
			sourceTree = "<group>";
		};
		4C04BFDD16A62C0D000D7202 /* Backgrounds */ = {
			isa = PBXGroup;
			children = (
				4C04BFDB16A62C00000D7202 /* white_paper_bg.png */,
				4C04BFD1169BD6EF000D7202 /* white_paper_bg@2x.png */,
			);
			name = Backgrounds;
			sourceTree = "<group>";
		};
		4C04BFE016A62C9D000D7202 /* Native UI Elements */ = {
			isa = PBXGroup;
			children = (
				4C04BFDE16A62C93000D7202 /* send_message_bar.png */,
				4C04BFC716913502000D7202 /* send_message_bar@2x.png */,
				4C04BFE616A62FE2000D7202 /* category_glass_button.png */,
				4C04BFD516A1E148000D7202 /* category_glass_button@2x.png */,
				4C04BFEA16A632C4000D7202 /* transparent_nav_bar.png */,
				4C04BFE816A631F2000D7202 /* transparent_nav_bar@2x.png */,
				4CAE398616AD325F00E3E938 /* glass_button_orange.png */,
				4C04BFEC16A8400D000D7202 /* glass_button_orange@2x.png */,
			);
			name = "Native UI Elements";
			sourceTree = "<group>";
		};
		4C04BFE116A62CCA000D7202 /* Icons */ = {
			isa = PBXGroup;
			children = (
				4C04BFE216A62E37000D7202 /* speech_bubble_icon.png */,
				4C04BFD716A32A83000D7202 /* speech_bubble_icon@2x.png */,
				4C04BFE416A62FD5000D7202 /* category_tab_bar_icon.png */,
				4C04BFD916A332CA000D7202 /* category_tab_bar_icon@2x.png */,
				4C12992316FC043100B9EBC9 /* exclamation.png */,
				4C12992416FC043100B9EBC9 /* exclamation@2x.png */,
			);
			name = Icons;
			sourceTree = "<group>";
		};
		4C04BFFE16AD299C000D7202 /* Speech Bubbles */ = {
			isa = PBXGroup;
			children = (
				4CAE398916AD33EF00E3E938 /* speech_bubble_gray_with_glow.png */,
				4C04BFF216ACD5FF000D7202 /* speech_bubble_gray_with_glow@2x.png */,
				4CAE398B16AD33F500E3E938 /* speech_bubble_gray.png */,
				4C04BFF016A84532000D7202 /* speech_bubble_gray@2x.png */,
				4CFE51D216C0A7C2009B627C /* speech_bubble_orange@2x.png */,
			);
			name = "Speech Bubbles";
			sourceTree = "<group>";
		};
		4C0B99FE1636477000EC7246 = {
			isa = PBXGroup;
			children = (
				4CDAB50D1637398300E57A7D /* Default-568h@2x.png */,
				4C0B9A151636477000EC7246 /* Chatterbox */,
				4C0B9A0C1636477000EC7246 /* Frameworks */,
				4C0B9A0A1636477000EC7246 /* Products */,
				A9D157B191E1444C979F497F /* Pods.xcconfig */,
			);
			sourceTree = "<group>";
		};
		4C0B9A0A1636477000EC7246 /* Products */ = {
			isa = PBXGroup;
			children = (
				4C0B9A091636477000EC7246 /* Chatterbox.app */,
			);
			name = Products;
			sourceTree = "<group>";
		};
		4C0B9A0C1636477000EC7246 /* Frameworks */ = {
			isa = PBXGroup;
			children = (
				4CFE51E816C4C3CA009B627C /* Parse.framework */,
				4CDAB5081637328500E57A7D /* Social.framework */,
				4CDAB5051637325600E57A7D /* AdSupport.framework */,
				4C0B9A471636622000EC7246 /* SystemConfiguration.framework */,
				4C0B9A451636621A00EC7246 /* StoreKit.framework */,
				4C0B9A431636621200EC7246 /* Security.framework */,
				4C0B9A411636620B00EC7246 /* MobileCoreServices.framework */,
				4C0B9A3F1636620300EC7246 /* libz.1.1.3.dylib */,
				4C0B9A3D163661FE00EC7246 /* libsqlite3.dylib */,
				4C0B9A3B163661EE00EC7246 /* CoreLocation.framework */,
				4C0B9A39163661E500EC7246 /* CFNetwork.framework */,
				4C0B9A37163661D300EC7246 /* Accounts.framework */,
				4C0B9A35163661CF00EC7246 /* AudioToolbox.framework */,
				4C0B9A2C16364C0000EC7246 /* QuartzCore.framework */,
				4C0B9A0D1636477000EC7246 /* UIKit.framework */,
				4C0B9A0F1636477000EC7246 /* Foundation.framework */,
				4C0B9A111636477000EC7246 /* CoreGraphics.framework */,
				4C0B9A131636477000EC7246 /* CoreData.framework */,
				999ABDEBA13445C9821F9D0A /* libPods.a */,
			);
			name = Frameworks;
			sourceTree = "<group>";
		};
		4C0B9A151636477000EC7246 /* Chatterbox */ = {
			isa = PBXGroup;
			children = (
				4C04BFB91690B743000D7202 /* Images */,
				4C0B9A1E1636477000EC7246 /* AppDelegate.h */,
				4C0B9A1F1636477000EC7246 /* AppDelegate.m */,
				4C4CF5701675A3E90000C290 /* ParseCenter.h */,
				4C4CF5711675A3E90000C290 /* ParseCenter.m */,
				4CFE51CF16AE1192009B627C /* CBCommons.h */,
				4CFE51D016AE1192009B627C /* CBCommons.m */,
				4C12992016FBFA5E00B9EBC9 /* NSError+ParseErrorCodes.h */,
				4C12992116FBFA5E00B9EBC9 /* NSError+ParseErrorCodes.m */,
				4C6B6378167EC1E500539A8A /* Home */,
				4C6B637D167EC27800539A8A /* Conversations */,
				4C6B637E167EC28800539A8A /* Single Conversation */,
				4C6B637F167EC2A400539A8A /* Login */,
				4C6B637A167EC20500539A8A /* Core Data */,
				4C0B9A161636477000EC7246 /* Supporting Files */,
			);
			path = Chatterbox;
			sourceTree = "<group>";
		};
		4C0B9A161636477000EC7246 /* Supporting Files */ = {
			isa = PBXGroup;
			children = (
				4C0B9A171636477000EC7246 /* Chatterbox-Info.plist */,
				4C0B9A181636477000EC7246 /* InfoPlist.strings */,
				4C0B9A1B1636477000EC7246 /* main.m */,
				4C0B9A1D1636477000EC7246 /* Chatterbox-Prefix.pch */,
			);
			name = "Supporting Files";
			sourceTree = "<group>";
		};
		4C6B6378167EC1E500539A8A /* Home */ = {
			isa = PBXGroup;
			children = (
				4C0B9A291636481A00EC7246 /* HomeViewController.h */,
				4C0B9A2A1636481A00EC7246 /* HomeViewController.m */,
			);
			name = Home;
			sourceTree = "<group>";
		};
		4C6B637A167EC20500539A8A /* Core Data */ = {
			isa = PBXGroup;
			children = (
				4C0B9A211636477000EC7246 /* Chatterbox.xcdatamodeld */,
				4C6B637B167EC22200539A8A /* Data Store */,
				4C6B637C167EC22F00539A8A /* NSManagedObjects */,
			);
			name = "Core Data";
			sourceTree = "<group>";
		};
		4C6B637B167EC22200539A8A /* Data Store */ = {
			isa = PBXGroup;
			children = (
				4CEC72EE16597E4100B37117 /* ChatterboxDataStore.h */,
				4CEC72EF16597E4100B37117 /* ChatterboxDataStore.m */,
			);
			name = "Data Store";
			sourceTree = "<group>";
		};
		4C6B637C167EC22F00539A8A /* NSManagedObjects */ = {
			isa = PBXGroup;
			children = (
				4CFE523A16C5A37E009B627C /* CBMessage.h */,
				4CFE523F16C5A48A009B627C /* CBMessage.m */,
				4CEC72EB1659778200B37117 /* CBConversation.h */,
				4CEC72EC1659778200B37117 /* CBConversation.m */,
			);
			name = NSManagedObjects;
			sourceTree = "<group>";
		};
		4C6B637D167EC27800539A8A /* Conversations */ = {
			isa = PBXGroup;
			children = (
				4CDAB50F1637C97500E57A7D /* ConversationsViewController.h */,
				4CDAB5101637C97500E57A7D /* ConversationsViewController.m */,
				4CDAB5111637C97500E57A7D /* ConversationsViewController.xib */,
				4CFE51D616C0B042009B627C /* TopicsHeaderView.h */,
				4CFE51D716C0B042009B627C /* TopicsHeaderView.m */,
				4C6B63831681705600539A8A /* LastMessageCell.h */,
				4C6B63841681705600539A8A /* LastMessageCell.m */,
			);
			name = Conversations;
			sourceTree = "<group>";
		};
		4C6B637E167EC28800539A8A /* Single Conversation */ = {
			isa = PBXGroup;
			children = (
				4CEC730016602DD200B37117 /* DialogueViewController.h */,
				4CEC730116602DD200B37117 /* DialogueViewController.m */,
				4CEC73031661CE4900B37117 /* TestViewController.h */,
				4CEC73041661CE4A00B37117 /* TestViewController.m */,
				4C6B6380167EC31800539A8A /* MessageCell.h */,
				4C6B6381167EC31800539A8A /* MessageCell.m */,
			);
			name = "Single Conversation";
			sourceTree = "<group>";
		};
		4C6B637F167EC2A400539A8A /* Login */ = {
			isa = PBXGroup;
			children = (
				4CDAB5141638531500E57A7D /* SignUpOrLoginViewController.h */,
				4CDAB5151638531500E57A7D /* SignUpOrLoginViewController.m */,
				4CFE51F116C4CBE3009B627C /* AuthenticationViewController.h */,
				4CFE51F216C4CBE3009B627C /* AuthenticationViewController.m */,
				4CFE522616C586CD009B627C /* EditableCell.h */,
				4CFE522716C586CD009B627C /* EditableCell.m */,
			);
			name = Login;
			sourceTree = "<group>";
		};
		4CFE51F516C54FF9009B627C /* Button Icons */ = {
			isa = PBXGroup;
			children = (
				4C4D660516D0120C006217B4 /* politics_icon.png */,
				4C4D660316D011F2006217B4 /* politics_icon@2x.png */,
				4C4D660116D00E5A006217B4 /* celebrities_icon.png */,
				4C4D65FE16D00E3F006217B4 /* celebrities_icon@2x.png */,
				4C4D65E716C5ADBE006217B4 /* sports_icon.png */,
				4CFE51F816C55458009B627C /* sports_icon@2x.png */,
				4C4D65E116C5AD07006217B4 /* news_icon.png */,
				4CFE51F616C55023009B627C /* news_icon@2x.png */,
				4C4D65DB16C5AC73006217B4 /* finance_icon.png */,
				4CFE51FA16C55C4D009B627C /* finance_icon@2x.png */,
				4C4D65DD16C5ACA8006217B4 /* fitness_icon.png */,
				4CFE51FC16C55E47009B627C /* fitness_icon@2x.png */,
				4C4D65E516C5AD97006217B4 /* travel_icon.png */,
				4CFE51FE16C5607F009B627C /* travel_icon@2x.png */,
				4C4D65E316C5AD20006217B4 /* random_icon.png */,
				4CFE520016C56213009B627C /* random_icon@2x.png */,
				4C4D65DF16C5ACE9006217B4 /* movies_icon.png */,
				4CFE520216C564A3009B627C /* movies_icon@2x.png */,
				4C4D65D816C5AC5C006217B4 /* fashion_icon.png */,
				4CFE520416C565FE009B627C /* fashion_icon@2x.png */,
				4C4D65EF16C8C4FC006217B4 /* technology_icon.png */,
				4C4D65E916C8C4AB006217B4 /* technology_icon@2x.png */,
				4C4D65ED16C8C4DC006217B4 /* music_icon.png */,
				4C4D65EB16C8C4B3006217B4 /* music_icon@2x.png */,
			);
			name = "Button Icons";
			sourceTree = "<group>";
		};
/* End PBXGroup section */

/* Begin PBXNativeTarget section */
		4C0B9A081636477000EC7246 /* Chatterbox */ = {
			isa = PBXNativeTarget;
			buildConfigurationList = 4C0B9A261636477000EC7246 /* Build configuration list for PBXNativeTarget "Chatterbox" */;
			buildPhases = (
				4C0B9A051636477000EC7246 /* Sources */,
				4C0B9A061636477000EC7246 /* Frameworks */,
				4C0B9A071636477000EC7246 /* Resources */,
				E6E8B5F54C284D2B8DDB3DDC /* Copy Pods Resources */,
			);
			buildRules = (
			);
			dependencies = (
			);
			name = Chatterbox;
			productName = Chatterbox;
			productReference = 4C0B9A091636477000EC7246 /* Chatterbox.app */;
			productType = "com.apple.product-type.application";
		};
/* End PBXNativeTarget section */

/* Begin PBXProject section */
		4C0B9A001636477000EC7246 /* Project object */ = {
			isa = PBXProject;
			attributes = {
				LastUpgradeCheck = 0440;
				ORGANIZATIONNAME = "Michael Ng";
			};
			buildConfigurationList = 4C0B9A031636477000EC7246 /* Build configuration list for PBXProject "Chatterbox" */;
			compatibilityVersion = "Xcode 3.2";
			developmentRegion = English;
			hasScannedForEncodings = 0;
			knownRegions = (
				en,
			);
			mainGroup = 4C0B99FE1636477000EC7246;
			productRefGroup = 4C0B9A0A1636477000EC7246 /* Products */;
			projectDirPath = "";
			projectRoot = "";
			targets = (
				4C0B9A081636477000EC7246 /* Chatterbox */,
			);
		};
/* End PBXProject section */

/* Begin PBXResourcesBuildPhase section */
		4C0B9A071636477000EC7246 /* Resources */ = {
			isa = PBXResourcesBuildPhase;
			buildActionMask = 2147483647;
			files = (
				4C0B9A1A1636477000EC7246 /* InfoPlist.strings in Resources */,
				4CDAB50E1637398300E57A7D /* Default-568h@2x.png in Resources */,
				4CDAB5131637C97500E57A7D /* ConversationsViewController.xib in Resources */,
				4C04BFC816913502000D7202 /* send_message_bar@2x.png in Resources */,
				4C04BFD2169BD6EF000D7202 /* white_paper_bg@2x.png in Resources */,
				4C04BFD616A1E148000D7202 /* category_glass_button@2x.png in Resources */,
				4C04BFD816A32A83000D7202 /* speech_bubble_icon@2x.png in Resources */,
				4C04BFDA16A332CA000D7202 /* category_tab_bar_icon@2x.png in Resources */,
				4C04BFDC16A62C00000D7202 /* white_paper_bg.png in Resources */,
				4C04BFDF16A62C93000D7202 /* send_message_bar.png in Resources */,
				4C04BFE316A62E37000D7202 /* speech_bubble_icon.png in Resources */,
				4C04BFE516A62FD5000D7202 /* category_tab_bar_icon.png in Resources */,
				4C04BFE716A62FE2000D7202 /* category_glass_button.png in Resources */,
				4C04BFE916A631F2000D7202 /* transparent_nav_bar@2x.png in Resources */,
				4C04BFEB16A632C4000D7202 /* transparent_nav_bar.png in Resources */,
				4C04BFED16A8400D000D7202 /* glass_button_orange@2x.png in Resources */,
				4C04BFF116A84532000D7202 /* speech_bubble_gray@2x.png in Resources */,
				4C04BFF316ACD5FF000D7202 /* speech_bubble_gray_with_glow@2x.png in Resources */,
				4CAE398716AD325F00E3E938 /* glass_button_orange.png in Resources */,
				4CAE398A16AD33EF00E3E938 /* speech_bubble_gray_with_glow.png in Resources */,
				4CAE398C16AD33F500E3E938 /* speech_bubble_gray.png in Resources */,
				4CFE51D316C0A7C2009B627C /* speech_bubble_orange@2x.png in Resources */,
				4CFE51F716C55023009B627C /* news_icon@2x.png in Resources */,
				4CFE51F916C55458009B627C /* sports_icon@2x.png in Resources */,
				4CFE51FB16C55C4D009B627C /* finance_icon@2x.png in Resources */,
				4CFE51FD16C55E47009B627C /* fitness_icon@2x.png in Resources */,
				4CFE51FF16C5607F009B627C /* travel_icon@2x.png in Resources */,
				4CFE520116C56213009B627C /* random_icon@2x.png in Resources */,
				4CFE520316C564A3009B627C /* movies_icon@2x.png in Resources */,
				4CFE520516C565FE009B627C /* fashion_icon@2x.png in Resources */,
				4C4D65D916C5AC5C006217B4 /* fashion_icon.png in Resources */,
				4C4D65DC16C5AC73006217B4 /* finance_icon.png in Resources */,
				4C4D65DE16C5ACA8006217B4 /* fitness_icon.png in Resources */,
				4C4D65E016C5ACE9006217B4 /* movies_icon.png in Resources */,
				4C4D65E216C5AD07006217B4 /* news_icon.png in Resources */,
				4C4D65E416C5AD20006217B4 /* random_icon.png in Resources */,
				4C4D65E616C5AD97006217B4 /* travel_icon.png in Resources */,
				4C4D65E816C5ADBE006217B4 /* sports_icon.png in Resources */,
				4C4D65EA16C8C4AB006217B4 /* technology_icon@2x.png in Resources */,
				4C4D65EC16C8C4B3006217B4 /* music_icon@2x.png in Resources */,
				4C4D65EE16C8C4DC006217B4 /* music_icon.png in Resources */,
				4C4D65F016C8C4FC006217B4 /* technology_icon.png in Resources */,
				4C4D65FF16D00E3F006217B4 /* celebrities_icon@2x.png in Resources */,
				4C4D660216D00E5A006217B4 /* celebrities_icon.png in Resources */,
				4C4D660416D011F2006217B4 /* politics_icon@2x.png in Resources */,
				4C4D660616D0120C006217B4 /* politics_icon.png in Resources */,
				4C12992516FC043100B9EBC9 /* exclamation.png in Resources */,
				4C12992616FC043100B9EBC9 /* exclamation@2x.png in Resources */,
			);
			runOnlyForDeploymentPostprocessing = 0;
		};
/* End PBXResourcesBuildPhase section */

/* Begin PBXShellScriptBuildPhase section */
		E6E8B5F54C284D2B8DDB3DDC /* Copy Pods Resources */ = {
			isa = PBXShellScriptBuildPhase;
			buildActionMask = 2147483647;
			files = (
			);
			inputPaths = (
			);
			name = "Copy Pods Resources";
			outputPaths = (
			);
			runOnlyForDeploymentPostprocessing = 0;
			shellPath = /bin/sh;
			shellScript = "\"${SRCROOT}/Pods/Pods-resources.sh\"\n";
		};
/* End PBXShellScriptBuildPhase section */

/* Begin PBXSourcesBuildPhase section */
		4C0B9A051636477000EC7246 /* Sources */ = {
			isa = PBXSourcesBuildPhase;
			buildActionMask = 2147483647;
			files = (
				4C0B9A1C1636477000EC7246 /* main.m in Sources */,
				4C0B9A201636477000EC7246 /* AppDelegate.m in Sources */,
				4C0B9A231636477000EC7246 /* Chatterbox.xcdatamodeld in Sources */,
				4C0B9A2B1636481A00EC7246 /* HomeViewController.m in Sources */,
				4CDAB5121637C97500E57A7D /* ConversationsViewController.m in Sources */,
				4CDAB5171638531500E57A7D /* SignUpOrLoginViewController.m in Sources */,
				4CEC72ED1659778200B37117 /* CBConversation.m in Sources */,
				4CEC72F016597E4100B37117 /* ChatterboxDataStore.m in Sources */,
				4CEC730216602DD200B37117 /* DialogueViewController.m in Sources */,
				4CEC73051661CE4A00B37117 /* TestViewController.m in Sources */,
				4C4CF5721675A3E90000C290 /* ParseCenter.m in Sources */,
				4C6B6382167EC31800539A8A /* MessageCell.m in Sources */,
				4C6B63851681705600539A8A /* LastMessageCell.m in Sources */,
				4CFE51D116AE1192009B627C /* CBCommons.m in Sources */,
				4CFE51D816C0B042009B627C /* TopicsHeaderView.m in Sources */,
				4CFE51F316C4CBE3009B627C /* AuthenticationViewController.m in Sources */,
				4CFE522816C586CD009B627C /* EditableCell.m in Sources */,
				4CFE524016C5A48A009B627C /* CBMessage.m in Sources */,
				4C12992216FBFA5E00B9EBC9 /* NSError+ParseErrorCodes.m in Sources */,
			);
			runOnlyForDeploymentPostprocessing = 0;
		};
/* End PBXSourcesBuildPhase section */

/* Begin PBXVariantGroup section */
		4C0B9A181636477000EC7246 /* InfoPlist.strings */ = {
			isa = PBXVariantGroup;
			children = (
				4C0B9A191636477000EC7246 /* en */,
			);
			name = InfoPlist.strings;
			sourceTree = "<group>";
		};
/* End PBXVariantGroup section */

/* Begin XCBuildConfiguration section */
		4C0B9A241636477000EC7246 /* Debug */ = {
			isa = XCBuildConfiguration;
			buildSettings = {
				ALWAYS_SEARCH_USER_PATHS = NO;
				ARCHS = "$(ARCHS_STANDARD_32_BIT)";
				CLANG_CXX_LANGUAGE_STANDARD = "gnu++0x";
				CLANG_ENABLE_OBJC_ARC = YES;
				CLANG_WARN__DUPLICATE_METHOD_MATCH = YES;
				CODE_SIGN_IDENTITY = "iPhone Developer: Michael Ng (2Y56K94F3U)";
				"CODE_SIGN_IDENTITY[sdk=iphoneos*]" = "iPhone Developer: Michael Ng (2Y56K94F3U)";
				COPY_PHASE_STRIP = NO;
				GCC_C_LANGUAGE_STANDARD = gnu99;
				GCC_DYNAMIC_NO_PIC = NO;
				GCC_OPTIMIZATION_LEVEL = 0;
				GCC_PREPROCESSOR_DEFINITIONS = (
					"DEBUG=1",
					"$(inherited)",
				);
				GCC_SYMBOLS_PRIVATE_EXTERN = NO;
				GCC_VERSION = com.apple.compilers.llvm.clang.1_0;
				GCC_WARN_ABOUT_RETURN_TYPE = YES;
				GCC_WARN_UNINITIALIZED_AUTOS = YES;
				GCC_WARN_UNUSED_VARIABLE = YES;
				IPHONEOS_DEPLOYMENT_TARGET = 5.1;
				PROVISIONING_PROFILE = "16BD455E-DEA8-43AE-B4E7-50C7BE2ACC81";
				"PROVISIONING_PROFILE[sdk=iphoneos*]" = "16BD455E-DEA8-43AE-B4E7-50C7BE2ACC81";
				SDKROOT = iphoneos;
			};
			name = Debug;
		};
		4C0B9A251636477000EC7246 /* Release */ = {
			isa = XCBuildConfiguration;
			buildSettings = {
				ALWAYS_SEARCH_USER_PATHS = NO;
				ARCHS = "$(ARCHS_STANDARD_32_BIT)";
				CLANG_CXX_LANGUAGE_STANDARD = "gnu++0x";
				CLANG_ENABLE_OBJC_ARC = YES;
				CLANG_WARN__DUPLICATE_METHOD_MATCH = YES;
				CODE_SIGN_IDENTITY = "iPhone Developer: Michael Ng (2Y56K94F3U)";
				"CODE_SIGN_IDENTITY[sdk=iphoneos*]" = "iPhone Developer: Michael Ng (2Y56K94F3U)";
				COPY_PHASE_STRIP = YES;
				GCC_C_LANGUAGE_STANDARD = gnu99;
				GCC_VERSION = com.apple.compilers.llvm.clang.1_0;
				GCC_WARN_ABOUT_RETURN_TYPE = YES;
				GCC_WARN_UNINITIALIZED_AUTOS = YES;
				GCC_WARN_UNUSED_VARIABLE = YES;
				IPHONEOS_DEPLOYMENT_TARGET = 5.1;
				OTHER_CFLAGS = "-DNS_BLOCK_ASSERTIONS=1";
				PROVISIONING_PROFILE = "16BD455E-DEA8-43AE-B4E7-50C7BE2ACC81";
				"PROVISIONING_PROFILE[sdk=iphoneos*]" = "16BD455E-DEA8-43AE-B4E7-50C7BE2ACC81";
				SDKROOT = iphoneos;
				VALIDATE_PRODUCT = YES;
			};
			name = Release;
		};
		4C0B9A271636477000EC7246 /* Debug */ = {
			isa = XCBuildConfiguration;
			baseConfigurationReference = A9D157B191E1444C979F497F /* Pods.xcconfig */;
			buildSettings = {
				CODE_SIGN_IDENTITY = "iPhone Developer: Michael Ng (2Y56K94F3U)";
				"CODE_SIGN_IDENTITY[sdk=iphoneos*]" = "iPhone Developer: Michael Ng (2Y56K94F3U)";
				FRAMEWORK_SEARCH_PATHS = (
					"$(inherited)",
					"\"$(SRCROOT)\"",
				);
				GCC_PRECOMPILE_PREFIX_HEADER = YES;
				GCC_PREFIX_HEADER = "Chatterbox/Chatterbox-Prefix.pch";
				INFOPLIST_FILE = "Chatterbox/Chatterbox-Info.plist";
				PRODUCT_NAME = "$(TARGET_NAME)";
				PROVISIONING_PROFILE = "16BD455E-DEA8-43AE-B4E7-50C7BE2ACC81";
				"PROVISIONING_PROFILE[sdk=iphoneos*]" = "16BD455E-DEA8-43AE-B4E7-50C7BE2ACC81";
				WRAPPER_EXTENSION = app;
			};
			name = Debug;
		};
		4C0B9A281636477000EC7246 /* Release */ = {
			isa = XCBuildConfiguration;
			baseConfigurationReference = A9D157B191E1444C979F497F /* Pods.xcconfig */;
			buildSettings = {
				CODE_SIGN_IDENTITY = "iPhone Developer: Michael Ng (2Y56K94F3U)";
				"CODE_SIGN_IDENTITY[sdk=iphoneos*]" = "iPhone Developer: Michael Ng (2Y56K94F3U)";
				FRAMEWORK_SEARCH_PATHS = (
					"$(inherited)",
					"\"$(SRCROOT)\"",
				);
				GCC_PRECOMPILE_PREFIX_HEADER = YES;
				GCC_PREFIX_HEADER = "Chatterbox/Chatterbox-Prefix.pch";
				INFOPLIST_FILE = "Chatterbox/Chatterbox-Info.plist";
				PRODUCT_NAME = "$(TARGET_NAME)";
				PROVISIONING_PROFILE = "16BD455E-DEA8-43AE-B4E7-50C7BE2ACC81";
				"PROVISIONING_PROFILE[sdk=iphoneos*]" = "16BD455E-DEA8-43AE-B4E7-50C7BE2ACC81";
				WRAPPER_EXTENSION = app;
			};
			name = Release;
		};
/* End XCBuildConfiguration section */

/* Begin XCConfigurationList section */
		4C0B9A031636477000EC7246 /* Build configuration list for PBXProject "Chatterbox" */ = {
			isa = XCConfigurationList;
			buildConfigurations = (
				4C0B9A241636477000EC7246 /* Debug */,
				4C0B9A251636477000EC7246 /* Release */,
			);
			defaultConfigurationIsVisible = 0;
			defaultConfigurationName = Release;
		};
		4C0B9A261636477000EC7246 /* Build configuration list for PBXNativeTarget "Chatterbox" */ = {
			isa = XCConfigurationList;
			buildConfigurations = (
				4C0B9A271636477000EC7246 /* Debug */,
				4C0B9A281636477000EC7246 /* Release */,
			);
			defaultConfigurationIsVisible = 0;
			defaultConfigurationName = Release;
		};
/* End XCConfigurationList section */

/* Begin XCVersionGroup section */
		4C0B9A211636477000EC7246 /* Chatterbox.xcdatamodeld */ = {
			isa = XCVersionGroup;
			children = (
				4C0B9A221636477000EC7246 /* Chatterbox.xcdatamodel */,
			);
			currentVersion = 4C0B9A221636477000EC7246 /* Chatterbox.xcdatamodel */;
			path = Chatterbox.xcdatamodeld;
			sourceTree = "<group>";
			versionGroupType = wrapper.xcdatamodel;
		};
/* End XCVersionGroup section */
	};
	rootObject = 4C0B9A001636477000EC7246 /* Project object */;
}
